Microsoft Visual Studio Solution File, Format Version 12.00
# Visual Studio Version 17
VisualStudioVersion = 17.5.2.0
MinimumVisualStudioVersion = 10.0.40219.1
Project("{FAE04EC0-301F-11D3-BF4B-00C04F79EFBC}") = "datavis-api", "datavis-api\datavis-api.csproj", "{2997B6AA-BD57-D568-9B02-735706000DEB}"
EndProject
Global
	GlobalSection(SolutionConfigurationPlatforms) = preSolution
		Debug|Any CPU = Debug|Any CPU
		Release|Any CPU = Release|Any CPU
	EndGlobalSection
	GlobalSection(ProjectConfigurationPlatforms) = postSolution
		{2997B6AA-BD57-D568-9B02-735706000DEB}.Debug|Any CPU.ActiveCfg = Debug|Any CPU
		{2997B6AA-BD57-D568-9B02-735706000DEB}.Debug|Any CPU.Build.0 = Debug|Any CPU
		{2997B6AA-BD57-D568-9B02-735706000DEB}.Release|Any CPU.ActiveCfg = Release|Any CPU
		{2997B6AA-BD57-D568-9B02-735706000DEB}.Release|Any CPU.Build.0 = Release|Any CPU
	EndGlobalSection
	GlobalSection(SolutionProperties) = preSolution
		HideSolutionNode = FALSE
	EndGlobalSection
	GlobalSection(ExtensibilityGlobals) = postSolution
		SolutionGuid = {89D9991D-C458-4139-8619-FC2EFB1D9BAC}
	EndGlobalSection
EndGlobal
