Microsoft Visual Studio Solution File, Format Version 12.00
# Visual Studio Version 17
VisualStudioVersion = 17.5.2.0
MinimumVisualStudioVersion = 10.0.40219.1
Project("{FAE04EC0-301F-11D3-BF4B-00C04F79EFBC}") = "datavis-api", "datavis-api.csproj", "{067E6523-285E-E44F-096D-09DE89484775}"
EndProject
Global
	GlobalSection(SolutionConfigurationPlatforms) = preSolution
		Debug|Any CPU = Debug|Any CPU
		Release|Any CPU = Release|Any CPU
	EndGlobalSection
	GlobalSection(ProjectConfigurationPlatforms) = postSolution
		{067E6523-285E-E44F-096D-09DE89484775}.Debug|Any CPU.ActiveCfg = Debug|Any CPU
		{067E6523-285E-E44F-096D-09DE89484775}.Debug|Any CPU.Build.0 = Debug|Any CPU
		{067E6523-285E-E44F-096D-09DE89484775}.Release|Any CPU.ActiveCfg = Release|Any CPU
		{067E6523-285E-E44F-096D-09DE89484775}.Release|Any CPU.Build.0 = Release|Any CPU
	EndGlobalSection
	GlobalSection(SolutionProperties) = preSolution
		HideSolutionNode = FALSE
	EndGlobalSection
	GlobalSection(ExtensibilityGlobals) = postSolution
		SolutionGuid = {02F9FC8B-5FDF-4105-82C0-AE1CE4EC6547}
	EndGlobalSection
EndGlobal
